{
  "name": "essential-cardano-server",
  "version": "1.0.0",
  "lockfileVersion": 1,
  "requires": true,
  "dependencies": {
    "@algolia/cache-browser-local-storage": {
      "version": "4.10.3",
      "resolved": "https://registry.npmjs.org/@algolia/cache-browser-local-storage/-/cache-browser-local-storage-4.10.3.tgz",
      "integrity": "sha512-TD1N7zg5lb56/PLjjD4bBl2eccEvVHhC7yfgFu2r9k5tf+gvbGxEZ3NhRZVKu2MObUIcEy2VR4LVLxOQu45Hlg==",
      "requires": {
        "@algolia/cache-common": "4.10.3"
      }
    },
    "@algolia/cache-common": {
      "version": "4.10.3",
      "resolved": "https://registry.npmjs.org/@algolia/cache-common/-/cache-common-4.10.3.tgz",
      "integrity": "sha512-q13cPPUmtf8a2suBC4kySSr97EyulSXuxUkn7l1tZUCX/k1y5KNheMp8npBy8Kc8gPPmHpacxddRSfOncjiKFw=="
    },
    "@algolia/cache-in-memory": {
      "version": "4.10.3",
      "resolved": "https://registry.npmjs.org/@algolia/cache-in-memory/-/cache-in-memory-4.10.3.tgz",
      "integrity": "sha512-JhPajhOXAjUP+TZrZTh6KJpF5VKTKyWK2aR1cD8NtrcVHwfGS7fTyfXfVm5BqBqkD9U0gVvufUt/mVyI80aZww==",
      "requires": {
        "@algolia/cache-common": "4.10.3"
      }
    },
    "@algolia/client-account": {
      "version": "4.10.3",
      "resolved": "https://registry.npmjs.org/@algolia/client-account/-/client-account-4.10.3.tgz",
      "integrity": "sha512-S/IsJB4s+e1xYctdpW3nAbwrR2y3pjSo9X21fJGoiGeIpTRdvQG7nydgsLkhnhcgAdLnmqBapYyAqMGmlcyOkg==",
      "requires": {
        "@algolia/client-common": "4.10.3",
        "@algolia/client-search": "4.10.3",
        "@algolia/transporter": "4.10.3"
      }
    },
    "@algolia/client-analytics": {
      "version": "4.10.3",
      "resolved": "https://registry.npmjs.org/@algolia/client-analytics/-/client-analytics-4.10.3.tgz",
      "integrity": "sha512-vlHTbBqJktRgclh3v7bPQLfZvFIqY4erNFIZA5C7nisCj9oLeTgzefoUrr+R90+I+XjfoLxnmoeigS1Z1yg1vw==",
      "requires": {
        "@algolia/client-common": "4.10.3",
        "@algolia/client-search": "4.10.3",
        "@algolia/requester-common": "4.10.3",
        "@algolia/transporter": "4.10.3"
      }
    },
    "@algolia/client-common": {
      "version": "4.10.3",
      "resolved": "https://registry.npmjs.org/@algolia/client-common/-/client-common-4.10.3.tgz",
      "integrity": "sha512-uFyP2Z14jG2hsFRbAoavna6oJf4NTXaSDAZgouZUZlHlBp5elM38sjNeA5HR9/D9J/GjwaB1SgB7iUiIWYBB4w==",
      "requires": {
        "@algolia/requester-common": "4.10.3",
        "@algolia/transporter": "4.10.3"
      }
    },
    "@algolia/client-personalization": {
      "version": "4.10.3",
      "resolved": "https://registry.npmjs.org/@algolia/client-personalization/-/client-personalization-4.10.3.tgz",
      "integrity": "sha512-NS7Nx8EJ/nduGXT8CFo5z7kLF0jnFehTP3eC+z+GOEESH3rrs7uR12IZHxv5QhQswZa9vl925zCOZDcDVoENCg==",
      "requires": {
        "@algolia/client-common": "4.10.3",
        "@algolia/requester-common": "4.10.3",
        "@algolia/transporter": "4.10.3"
      }
    },
    "@algolia/client-search": {
      "version": "4.10.3",
      "resolved": "https://registry.npmjs.org/@algolia/client-search/-/client-search-4.10.3.tgz",
      "integrity": "sha512-Zwnp2G94IrNFKWCG/k7epI5UswRkPvL9FCt7/slXe2bkjP2y/HA37gzRn+9tXoLVRwd7gBzrtOA4jFKIyjrtVw==",
      "requires": {
        "@algolia/client-common": "4.10.3",
        "@algolia/requester-common": "4.10.3",
        "@algolia/transporter": "4.10.3"
      }
    },
    "@algolia/logger-common": {
      "version": "4.10.3",
      "resolved": "https://registry.npmjs.org/@algolia/logger-common/-/logger-common-4.10.3.tgz",
      "integrity": "sha512-M6xi+qov2bkgg1H9e1Qtvq/E/eKsGcgz8RBbXNzqPIYoDGZNkv+b3b8YMo3dxd4Wd6M24HU1iqF3kmr1LaXndg=="
    },
    "@algolia/logger-console": {
      "version": "4.10.3",
      "resolved": "https://registry.npmjs.org/@algolia/logger-console/-/logger-console-4.10.3.tgz",
      "integrity": "sha512-vVgRI7b4PHjgBdRkv/cRz490twvkLoGdpC4VYzIouSrKj8SIVLRhey3qgXk7oQXi3xoxVAv6NrklHfpO8Bpx0w==",
      "requires": {
        "@algolia/logger-common": "4.10.3"
      }
    },
    "@algolia/requester-browser-xhr": {
      "version": "4.10.3",
      "resolved": "https://registry.npmjs.org/@algolia/requester-browser-xhr/-/requester-browser-xhr-4.10.3.tgz",
      "integrity": "sha512-4WIk1zreFbc1EF6+gsfBTQvwSNjWc20zJAAExRWql/Jq5yfVHmwOqi/CajA53/cXKFBqo80DAMRvOiwP+hOLYw==",
      "requires": {
        "@algolia/requester-common": "4.10.3"
      }
    },
    "@algolia/requester-common": {
      "version": "4.10.3",
      "resolved": "https://registry.npmjs.org/@algolia/requester-common/-/requester-common-4.10.3.tgz",
      "integrity": "sha512-PNfLHmg0Hujugs3rx55uz/ifv7b9HVdSFQDb2hj0O5xZaBEuQCNOXC6COrXR8+9VEfqp2swpg7zwgtqFxh+BtQ=="
    },
    "@algolia/requester-node-http": {
      "version": "4.10.3",
      "resolved": "https://registry.npmjs.org/@algolia/requester-node-http/-/requester-node-http-4.10.3.tgz",
      "integrity": "sha512-A9ZcGfEvgqf0luJApdNcIhsRh6MShn2zn2tbjwjGG1joF81w+HUY+BWuLZn56vGwAA9ZB9n00IoJJpxibbfofg==",
      "requires": {
        "@algolia/requester-common": "4.10.3"
      }
    },
    "@algolia/transporter": {
      "version": "4.10.3",
      "resolved": "https://registry.npmjs.org/@algolia/transporter/-/transporter-4.10.3.tgz",
      "integrity": "sha512-n1lRyKDbrckbMEgm7QXtj3nEWUuzA3aKLzVQ43/F/RCFib15j4IwtmYhXR6OIBRSc7+T0Hm48S0J6F+HeYCQkw==",
      "requires": {
        "@algolia/cache-common": "4.10.3",
        "@algolia/logger-common": "4.10.3",
        "@algolia/requester-common": "4.10.3"
      }
    },
    "@octokit/auth-token": {
      "version": "2.4.5",
      "resolved": "https://registry.npmjs.org/@octokit/auth-token/-/auth-token-2.4.5.tgz",
      "integrity": "sha512-BpGYsPgJt05M7/L/5FoE1PiAbdxXFZkX/3kDYcsvd1v6UhlnE5e96dTDr0ezX/EFwciQxf3cNV0loipsURU+WA==",
      "requires": {
        "@octokit/types": "^6.0.3"
      }
    },
    "@octokit/core": {
      "version": "3.5.1",
      "resolved": "https://registry.npmjs.org/@octokit/core/-/core-3.5.1.tgz",
      "integrity": "sha512-omncwpLVxMP+GLpLPgeGJBF6IWJFjXDS5flY5VbppePYX9XehevbDykRH9PdCdvqt9TS5AOTiDide7h0qrkHjw==",
      "requires": {
        "@octokit/auth-token": "^2.4.4",
        "@octokit/graphql": "^4.5.8",
        "@octokit/request": "^5.6.0",
        "@octokit/request-error": "^2.0.5",
        "@octokit/types": "^6.0.3",
        "before-after-hook": "^2.2.0",
        "universal-user-agent": "^6.0.0"
      }
    },
    "@octokit/endpoint": {
      "version": "6.0.12",
      "resolved": "https://registry.npmjs.org/@octokit/endpoint/-/endpoint-6.0.12.tgz",
      "integrity": "sha512-lF3puPwkQWGfkMClXb4k/eUT/nZKQfxinRWJrdZaJO85Dqwo/G0yOC434Jr2ojwafWJMYqFGFa5ms4jJUgujdA==",
      "requires": {
        "@octokit/types": "^6.0.3",
        "is-plain-object": "^5.0.0",
        "universal-user-agent": "^6.0.0"
      }
    },
    "@octokit/graphql": {
      "version": "4.6.4",
      "resolved": "https://registry.npmjs.org/@octokit/graphql/-/graphql-4.6.4.tgz",
      "integrity": "sha512-SWTdXsVheRmlotWNjKzPOb6Js6tjSqA2a8z9+glDJng0Aqjzti8MEWOtuT8ZSu6wHnci7LZNuarE87+WJBG4vg==",
      "requires": {
        "@octokit/request": "^5.6.0",
        "@octokit/types": "^6.0.3",
        "universal-user-agent": "^6.0.0"
      }
    },
    "@octokit/openapi-types": {
      "version": "8.2.1",
      "resolved": "https://registry.npmjs.org/@octokit/openapi-types/-/openapi-types-8.2.1.tgz",
      "integrity": "sha512-BJz6kWuL3n+y+qM8Pv+UGbSxH6wxKf/SBs5yzGufMHwDefsa+Iq7ZGy1BINMD2z9SkXlIzk1qiu988rMuGXEMg=="
    },
    "@octokit/plugin-paginate-rest": {
      "version": "2.14.0",
      "resolved": "https://registry.npmjs.org/@octokit/plugin-paginate-rest/-/plugin-paginate-rest-2.14.0.tgz",
      "integrity": "sha512-S2uEu2uHeI7Vf+Lvj8tv3O5/5TCAa8GHS0dUQN7gdM7vKA6ZHAbR6HkAVm5yMb1mbedLEbxOuQ+Fa0SQ7tCDLA==",
      "requires": {
        "@octokit/types": "^6.18.0"
      }
    },
    "@octokit/plugin-request-log": {
      "version": "1.0.4",
      "resolved": "https://registry.npmjs.org/@octokit/plugin-request-log/-/plugin-request-log-1.0.4.tgz",
      "integrity": "sha512-mLUsMkgP7K/cnFEw07kWqXGF5LKrOkD+lhCrKvPHXWDywAwuDUeDwWBpc69XK3pNX0uKiVt8g5z96PJ6z9xCFA=="
    },
    "@octokit/plugin-rest-endpoint-methods": {
      "version": "5.3.7",
      "resolved": "https://registry.npmjs.org/@octokit/plugin-rest-endpoint-methods/-/plugin-rest-endpoint-methods-5.3.7.tgz",
      "integrity": "sha512-LAgTLOsJ86ig2wYSpcSx+UWt7aQYYsEZ/Tf/pksAVQWKNcGuTVCDl9OUiPhQ7DZelNozYVWTO9Iyjd/soe4tug==",
      "requires": {
        "@octokit/types": "^6.17.4",
        "deprecation": "^2.3.1"
      }
    },
    "@octokit/request": {
      "version": "5.6.0",
      "resolved": "https://registry.npmjs.org/@octokit/request/-/request-5.6.0.tgz",
      "integrity": "sha512-4cPp/N+NqmaGQwbh3vUsYqokQIzt7VjsgTYVXiwpUP2pxd5YiZB2XuTedbb0SPtv9XS7nzAKjAuQxmY8/aZkiA==",
      "requires": {
        "@octokit/endpoint": "^6.0.1",
        "@octokit/request-error": "^2.1.0",
        "@octokit/types": "^6.16.1",
        "is-plain-object": "^5.0.0",
        "node-fetch": "^2.6.1",
        "universal-user-agent": "^6.0.0"
      }
    },
    "@octokit/request-error": {
      "version": "2.1.0",
      "resolved": "https://registry.npmjs.org/@octokit/request-error/-/request-error-2.1.0.tgz",
      "integrity": "sha512-1VIvgXxs9WHSjicsRwq8PlR2LR2x6DwsJAaFgzdi0JfJoGSO8mYI/cHJQ+9FbN21aa+DrgNLnwObmyeSC8Rmpg==",
      "requires": {
        "@octokit/types": "^6.0.3",
        "deprecation": "^2.0.0",
        "once": "^1.4.0"
      }
    },
    "@octokit/rest": {
      "version": "18.6.6",
      "resolved": "https://registry.npmjs.org/@octokit/rest/-/rest-18.6.6.tgz",
      "integrity": "sha512-kCLvz8MSh+KToXySdqUp80caBom1ZQmsX3gbT3osfbJy6fD86QObUjzAOD3D3Awz3X7ng24+lB+imvSr5EnM7g==",
      "requires": {
        "@octokit/core": "^3.5.0",
        "@octokit/plugin-paginate-rest": "^2.6.2",
        "@octokit/plugin-request-log": "^1.0.2",
        "@octokit/plugin-rest-endpoint-methods": "5.3.7"
      }
    },
    "@octokit/types": {
      "version": "6.18.1",
      "resolved": "https://registry.npmjs.org/@octokit/types/-/types-6.18.1.tgz",
      "integrity": "sha512-5YsddjO1U+xC8ZYKV8yZYebW55PCc7qiEEeZ+wZRr6qyclynzfyD65KZ5FdtIeP0/cANyFaD7hV69qElf1nMsQ==",
      "requires": {
        "@octokit/openapi-types": "^8.2.1"
      }
    },
    "@types/bson": {
      "version": "4.0.3",
      "resolved": "https://registry.npmjs.org/@types/bson/-/bson-4.0.3.tgz",
      "integrity": "sha512-mVRvYnTOZJz3ccpxhr3wgxVmSeiYinW+zlzQz3SXWaJmD1DuL05Jeq7nKw3SnbKmbleW5qrLG5vdyWe/A9sXhw==",
      "requires": {
        "@types/node": "*"
      }
    },
    "@types/mongodb": {
      "version": "3.6.19",
      "resolved": "https://registry.npmjs.org/@types/mongodb/-/mongodb-3.6.19.tgz",
      "integrity": "sha512-krZbirw3ATb8EJySZdlDChX7A8WqTBPWWVjEAl9SUUL6QHJY/5+yCk7DjJv1BE0qmi5iShtd2meEi/Ru0F6c7g==",
      "requires": {
        "@types/bson": "*",
        "@types/node": "*"
      }
    },
    "@types/node": {
      "version": "16.0.0",
      "resolved": "https://registry.npmjs.org/@types/node/-/node-16.0.0.tgz",
      "integrity": "sha512-TmCW5HoZ2o2/z2EYi109jLqIaPIi9y/lc2LmDCWzuCi35bcaQ+OtUh6nwBiFK7SOu25FAU5+YKdqFZUwtqGSdg=="
    },
    "algoliasearch": {
      "version": "4.10.3",
      "resolved": "https://registry.npmjs.org/algoliasearch/-/algoliasearch-4.10.3.tgz",
      "integrity": "sha512-OLY0AWlPKGLbSaw14ivMB7BT5fPdp8VdzY4L8FtzZnqmLKsyes24cltGlf7/X96ACkYEcT390SReCDt/9SUIRg==",
      "requires": {
        "@algolia/cache-browser-local-storage": "4.10.3",
        "@algolia/cache-common": "4.10.3",
        "@algolia/cache-in-memory": "4.10.3",
        "@algolia/client-account": "4.10.3",
        "@algolia/client-analytics": "4.10.3",
        "@algolia/client-common": "4.10.3",
        "@algolia/client-personalization": "4.10.3",
        "@algolia/client-search": "4.10.3",
        "@algolia/logger-common": "4.10.3",
        "@algolia/logger-console": "4.10.3",
        "@algolia/requester-browser-xhr": "4.10.3",
        "@algolia/requester-common": "4.10.3",
        "@algolia/requester-node-http": "4.10.3",
        "@algolia/transporter": "4.10.3"
      }
    },
    "argparse": {
      "version": "1.0.10",
      "resolved": "https://registry.npmjs.org/argparse/-/argparse-1.0.10.tgz",
      "integrity": "sha512-o5Roy6tNG4SL/FOkCAN6RzjiakZS25RLYFrcMttJqbdd8BWrnA+fGz57iN5Pb06pvBGvl5gQ0B48dJlslXvoTg==",
      "requires": {
        "sprintf-js": "~1.0.2"
      }
    },
    "axios": {
      "version": "0.21.1",
      "resolved": "https://registry.npmjs.org/axios/-/axios-0.21.1.tgz",
      "integrity": "sha512-dKQiRHxGD9PPRIUNIWvZhPTPpl1rf/OxTYKsqKUDjBwYylTvV7SjSHJb9ratfyzM6wCdLCOYLzs73qpg5c4iGA==",
      "requires": {
        "follow-redirects": "^1.10.0"
      }
    },
    "before-after-hook": {
      "version": "2.2.2",
      "resolved": "https://registry.npmjs.org/before-after-hook/-/before-after-hook-2.2.2.tgz",
      "integrity": "sha512-3pZEU3NT5BFUo/AD5ERPWOgQOCZITni6iavr5AUw5AUwQjMlI0kzu5btnyD39AF0gUEsDPwJT+oY1ORBJijPjQ=="
    },
    "bl": {
      "version": "2.2.1",
      "resolved": "https://registry.npmjs.org/bl/-/bl-2.2.1.tgz",
      "integrity": "sha512-6Pesp1w0DEX1N550i/uGV/TqucVL4AM/pgThFSN/Qq9si1/DF9aIHs1BxD8V/QU0HoeHO6cQRTAuYnLPKq1e4g==",
      "requires": {
        "readable-stream": "^2.3.5",
        "safe-buffer": "^5.1.1"
      }
    },
    "body-parser": {
      "version": "1.19.0",
      "resolved": "https://registry.npmjs.org/body-parser/-/body-parser-1.19.0.tgz",
      "integrity": "sha512-dhEPs72UPbDnAQJ9ZKMNTP6ptJaionhP5cBb541nXPlW60Jepo9RV/a4fX4XWW9CuFNK22krhrj1+rgzifNCsw==",
      "requires": {
        "bytes": "3.1.0",
        "content-type": "~1.0.4",
        "debug": "2.6.9",
        "depd": "~1.1.2",
        "http-errors": "1.7.2",
        "iconv-lite": "0.4.24",
        "on-finished": "~2.3.0",
        "qs": "6.7.0",
        "raw-body": "2.4.0",
        "type-is": "~1.6.17"
      }
    },
    "bson": {
      "version": "1.1.6",
      "resolved": "https://registry.npmjs.org/bson/-/bson-1.1.6.tgz",
      "integrity": "sha512-EvVNVeGo4tHxwi8L6bPj3y3itEvStdwvvlojVxxbyYfoaxJ6keLgrTuKdyfEAszFK+H3olzBuafE0yoh0D1gdg=="
    },
    "bytes": {
      "version": "3.1.0",
      "resolved": "https://registry.npmjs.org/bytes/-/bytes-3.1.0.tgz",
      "integrity": "sha512-zauLjrfCG+xvoyaqLoV8bLVXXNGC4JqlxFCutSDWA6fJrTo2ZuvLYTqZ7aHBLZSMOopbzwv8f+wZcVzfVTI2Dg=="
    },
    "content-type": {
      "version": "1.0.4",
      "resolved": "https://registry.npmjs.org/content-type/-/content-type-1.0.4.tgz",
      "integrity": "sha512-hIP3EEPs8tB9AT1L+NUqtwOAps4mk2Zob89MWXMHjHWg9milF/j4osnnQLXBCBFBk/tvIG/tUc9mOUJiPBhPXA=="
    },
    "core-util-is": {
      "version": "1.0.2",
      "resolved": "https://registry.npmjs.org/core-util-is/-/core-util-is-1.0.2.tgz",
      "integrity": "sha1-tf1UIgqivFq1eqtxQMlAdUUDwac="
    },
    "debug": {
      "version": "2.6.9",
      "resolved": "https://registry.npmjs.org/debug/-/debug-2.6.9.tgz",
      "integrity": "sha512-bC7ElrdJaJnPbAP+1EotYvqZsb3ecl5wi6Bfi6BJTUcNowp6cvspg0jXznRTKDjm/E7AdgFBVeAPVMNcKGsHMA==",
      "requires": {
        "ms": "2.0.0"
      }
    },
    "denque": {
      "version": "1.5.0",
      "resolved": "https://registry.npmjs.org/denque/-/denque-1.5.0.tgz",
      "integrity": "sha512-CYiCSgIF1p6EUByQPlGkKnP1M9g0ZV3qMIrqMqZqdwazygIA/YP2vrbcyl1h/WppKJTdl1F85cXIle+394iDAQ=="
    },
    "depd": {
      "version": "1.1.2",
      "resolved": "https://registry.npmjs.org/depd/-/depd-1.1.2.tgz",
      "integrity": "sha1-m81S4UwJd2PnSbJ0xDRu0uVgtak="
    },
    "deprecation": {
      "version": "2.3.1",
      "resolved": "https://registry.npmjs.org/deprecation/-/deprecation-2.3.1.tgz",
      "integrity": "sha512-xmHIy4F3scKVwMsQ4WnVaS8bHOx0DmVwRywosKhaILI0ywMDWPtBSku2HNxRvF7jtwDRsoEwYQSfbxj8b7RlJQ=="
    },
    "dotenv": {
      "version": "10.0.0",
      "resolved": "https://registry.npmjs.org/dotenv/-/dotenv-10.0.0.tgz",
      "integrity": "sha512-rlBi9d8jpv9Sf1klPjNfFAuWDjKLwTIJJ/VxtoTwIR6hnZxcEOQCZg2oIL3MWBYw5GpUDKOEnND7LXTbIpQ03Q=="
    },
    "ee-first": {
      "version": "1.1.1",
      "resolved": "https://registry.npmjs.org/ee-first/-/ee-first-1.1.1.tgz",
      "integrity": "sha1-WQxhFWsK4vTwJVcyoViyZrxWsh0="
    },
    "esprima": {
      "version": "4.0.1",
      "resolved": "https://registry.npmjs.org/esprima/-/esprima-4.0.1.tgz",
      "integrity": "sha512-eGuFFw7Upda+g4p+QHvnW0RyTX/SVeJBDM/gCtMARO0cLuT2HcEKnTPvhjV6aGeqrCB/sbNop0Kszm0jsaWU4A=="
    },
    "follow-redirects": {
      "version": "1.14.1",
      "resolved": "https://registry.npmjs.org/follow-redirects/-/follow-redirects-1.14.1.tgz",
      "integrity": "sha512-HWqDgT7ZEkqRzBvc2s64vSZ/hfOceEol3ac/7tKwzuvEyWx3/4UegXh5oBOIotkGsObyk3xznnSRVADBgWSQVg=="
    },
    "http-errors": {
      "version": "1.7.2",
      "resolved": "https://registry.npmjs.org/http-errors/-/http-errors-1.7.2.tgz",
      "integrity": "sha512-uUQBt3H/cSIVfch6i1EuPNy/YsRSOUBXTVfZ+yR7Zjez3qjBz6i9+i4zjNaoqcoFVI4lQJ5plg63TvGfRSDCRg==",
      "requires": {
        "depd": "~1.1.2",
        "inherits": "2.0.3",
        "setprototypeof": "1.1.1",
        "statuses": ">= 1.5.0 < 2",
        "toidentifier": "1.0.0"
      },
      "dependencies": {
        "inherits": {
          "version": "2.0.3",
          "resolved": "https://registry.npmjs.org/inherits/-/inherits-2.0.3.tgz",
          "integrity": "sha1-Yzwsg+PaQqUC9SRmAiSA9CCCYd4="
        }
      }
    },
    "iconv-lite": {
      "version": "0.4.24",
      "resolved": "https://registry.npmjs.org/iconv-lite/-/iconv-lite-0.4.24.tgz",
      "integrity": "sha512-v3MXnZAcvnywkTUEZomIActle7RXXeedOR31wwl7VlyoXO4Qi9arvSenNQWne1TcRwhCL1HwLI21bEqdpj8/rA==",
      "requires": {
        "safer-buffer": ">= 2.1.2 < 3"
      }
    },
    "inherits": {
      "version": "2.0.4",
      "resolved": "https://registry.npmjs.org/inherits/-/inherits-2.0.4.tgz",
      "integrity": "sha512-k/vGaX4/Yla3WzyMCvTQOXYeIHvqOKtnqBduzTHpzpQZzAskKMhZ2K+EnBiSM9zGSoIFeMpXKxa4dYeZIQqewQ=="
    },
    "is-plain-object": {
      "version": "5.0.0",
      "resolved": "https://registry.npmjs.org/is-plain-object/-/is-plain-object-5.0.0.tgz",
      "integrity": "sha512-VRSzKkbMm5jMDoKLbltAkFQ5Qr7VDiTFGXxYFXXowVj387GeGNOCsOH6Msy00SGZ3Fp84b1Naa1psqgcCIEP5Q=="
    },
    "isarray": {
      "version": "1.0.0",
      "resolved": "https://registry.npmjs.org/isarray/-/isarray-1.0.0.tgz",
      "integrity": "sha1-u5NdSFgsuhaMBoNJV6VKPgcSTxE="
    },
    "js-yaml": {
      "version": "3.14.1",
      "resolved": "https://registry.npmjs.org/js-yaml/-/js-yaml-3.14.1.tgz",
      "integrity": "sha512-okMH7OXXJ7YrN9Ok3/SXrnu4iX9yOk+25nqX4imS2npuvTYDmo/QEZoqwZkYaIDk3jVvBOTOIEgEhaLOynBS9g==",
      "requires": {
        "argparse": "^1.0.7",
        "esprima": "^4.0.0"
      }
    },
    "kareem": {
      "version": "2.3.2",
      "resolved": "https://registry.npmjs.org/kareem/-/kareem-2.3.2.tgz",
      "integrity": "sha512-STHz9P7X2L4Kwn72fA4rGyqyXdmrMSdxqHx9IXon/FXluXieaFA6KJ2upcHAHxQPQ0LeM/OjLrhFxifHewOALQ=="
    },
    "lodash": {
      "version": "4.17.21",
      "resolved": "https://registry.npmjs.org/lodash/-/lodash-4.17.21.tgz",
      "integrity": "sha512-v2kDEe57lecTulaDIuNTPy3Ry4gLGJ6Z1O3vE1krgXZNrsQ+LFTGHVxVjcXPs17LhbZVGedAJv8XZ1tvj5FvSg=="
    },
    "media-typer": {
      "version": "0.3.0",
      "resolved": "https://registry.npmjs.org/media-typer/-/media-typer-0.3.0.tgz",
      "integrity": "sha1-hxDXrwqmJvj/+hzgAWhUUmMlV0g="
    },
    "memory-pager": {
      "version": "1.5.0",
      "resolved": "https://registry.npmjs.org/memory-pager/-/memory-pager-1.5.0.tgz",
      "integrity": "sha512-ZS4Bp4r/Zoeq6+NLJpP+0Zzm0pR8whtGPf1XExKLJBAczGMnSi3It14OiNCStjQjM6NU1okjQGSxgEZN8eBYKg==",
      "optional": true
    },
    "mime-db": {
      "version": "1.48.0",
      "resolved": "https://registry.npmjs.org/mime-db/-/mime-db-1.48.0.tgz",
      "integrity": "sha512-FM3QwxV+TnZYQ2aRqhlKBMHxk10lTbMt3bBkMAp54ddrNeVSfcQYOOKuGuy3Ddrm38I04If834fOUSq1yzslJQ=="
    },
    "mime-types": {
      "version": "2.1.31",
      "resolved": "https://registry.npmjs.org/mime-types/-/mime-types-2.1.31.tgz",
      "integrity": "sha512-XGZnNzm3QvgKxa8dpzyhFTHmpP3l5YNusmne07VUOXxou9CqUqYa/HBy124RqtVh/O2pECas/MOcsDgpilPOPg==",
      "requires": {
        "mime-db": "1.48.0"
      }
    },
    "mongodb": {
      "version": "3.6.8",
      "resolved": "https://registry.npmjs.org/mongodb/-/mongodb-3.6.8.tgz",
      "integrity": "sha512-sDjJvI73WjON1vapcbyBD3Ao9/VN3TKYY8/QX9EPbs22KaCSrQ5rXo5ZZd44tWJ3wl3FlnrFZ+KyUtNH6+1ZPQ==",
      "requires": {
        "bl": "^2.2.1",
        "bson": "^1.1.4",
        "denque": "^1.4.1",
        "optional-require": "^1.0.3",
        "safe-buffer": "^5.1.2",
        "saslprep": "^1.0.0"
      }
    },
    "mongoose": {
      "version": "5.13.1",
      "resolved": "https://registry.npmjs.org/mongoose/-/mongoose-5.13.1.tgz",
      "integrity": "sha512-xbaR1gLMMJVJCeHVjnrcZeUVa4fF8S2Twkyc2jHcVYm9QvCLQPfJG90yi37IDHF3/mDDmVoENNaGHm225/MG3A==",
      "requires": {
        "@types/mongodb": "^3.5.27",
        "bson": "^1.1.4",
        "kareem": "2.3.2",
        "mongodb": "3.6.8",
        "mongoose-legacy-pluralize": "1.0.2",
        "mpath": "0.8.3",
        "mquery": "3.2.5",
        "ms": "2.1.2",
        "regexp-clone": "1.0.0",
        "safe-buffer": "5.2.1",
        "sift": "13.5.2",
        "sliced": "1.0.1"
      },
      "dependencies": {
        "ms": {
          "version": "2.1.2",
          "resolved": "https://registry.npmjs.org/ms/-/ms-2.1.2.tgz",
          "integrity": "sha512-sGkPx+VjMtmA6MX27oA4FBFELFCZZ4S4XqeGOXCv68tT+jb3vk/RyaKWP0PTKyWtmLSM0b+adUTEvbs1PEaH2w=="
        }
      }
    },
    "mongoose-legacy-pluralize": {
      "version": "1.0.2",
      "resolved": "https://registry.npmjs.org/mongoose-legacy-pluralize/-/mongoose-legacy-pluralize-1.0.2.tgz",
      "integrity": "sha512-Yo/7qQU4/EyIS8YDFSeenIvXxZN+ld7YdV9LqFVQJzTLye8unujAWPZ4NWKfFA+RNjh+wvTWKY9Z3E5XM6ZZiQ=="
    },
    "mpath": {
      "version": "0.8.3",
      "resolved": "https://registry.npmjs.org/mpath/-/mpath-0.8.3.tgz",
      "integrity": "sha512-eb9rRvhDltXVNL6Fxd2zM9D4vKBxjVVQNLNijlj7uoXUy19zNDsIif5zR+pWmPCWNKwAtqyo4JveQm4nfD5+eA=="
    },
    "mquery": {
      "version": "3.2.5",
      "resolved": "https://registry.npmjs.org/mquery/-/mquery-3.2.5.tgz",
      "integrity": "sha512-VjOKHHgU84wij7IUoZzFRU07IAxd5kWJaDmyUzQlbjHjyoeK5TNeeo8ZsFDtTYnSgpW6n/nMNIHvE3u8Lbrf4A==",
      "requires": {
        "bluebird": "3.5.1",
        "debug": "3.1.0",
        "regexp-clone": "^1.0.0",
        "safe-buffer": "5.1.2",
        "sliced": "1.0.1"
      },
      "dependencies": {
        "bluebird": {
          "version": "3.5.1",
          "resolved": "https://registry.npmjs.org/bluebird/-/bluebird-3.5.1.tgz",
          "integrity": "sha512-MKiLiV+I1AA596t9w1sQJ8jkiSr5+ZKi0WKrYGUn6d1Fx+Ij4tIj+m2WMQSGczs5jZVxV339chE8iwk6F64wjA=="
        },
        "debug": {
          "version": "3.1.0",
          "resolved": "https://registry.npmjs.org/debug/-/debug-3.1.0.tgz",
          "integrity": "sha512-OX8XqP7/1a9cqkxYw2yXss15f26NKWBpDXQd0/uK/KPqdQhxbPa994hnzjcE2VqQpDslf55723cKPUOGSmMY3g==",
          "requires": {
            "ms": "2.0.0"
          }
        },
        "safe-buffer": {
          "version": "5.1.2",
          "resolved": "https://registry.npmjs.org/safe-buffer/-/safe-buffer-5.1.2.tgz",
          "integrity": "sha512-Gd2UZBJDkXlY7GbJxfsE8/nvKkUEU1G38c1siN6QP6a9PT9MmHB8GnpscSmMJSoF8LOIrt8ud/wPtojys4G6+g=="
        }
      }
    },
    "ms": {
      "version": "2.0.0",
      "resolved": "https://registry.npmjs.org/ms/-/ms-2.0.0.tgz",
      "integrity": "sha1-VgiurfwAvmwpAd9fmGF4jeDVl8g="
    },
    "node-fetch": {
      "version": "2.6.1",
      "resolved": "https://registry.npmjs.org/node-fetch/-/node-fetch-2.6.1.tgz",
      "integrity": "sha512-V4aYg89jEoVRxRb2fJdAg8FHvI7cEyYdVAh94HH0UIK8oJxUfkjlDQN9RbMx+bEjP7+ggMiFRprSti032Oipxw=="
    },
    "on-finished": {
      "version": "2.3.0",
      "resolved": "https://registry.npmjs.org/on-finished/-/on-finished-2.3.0.tgz",
      "integrity": "sha1-IPEzZIGwg811M3mSoWlxqi2QaUc=",
      "requires": {
        "ee-first": "1.1.1"
      }
    },
    "once": {
      "version": "1.4.0",
      "resolved": "https://registry.npmjs.org/once/-/once-1.4.0.tgz",
      "integrity": "sha1-WDsap3WWHUsROsF9nFC6753Xa9E=",
      "requires": {
        "wrappy": "1"
      }
    },
    "optional-require": {
      "version": "1.0.3",
      "resolved": "https://registry.npmjs.org/optional-require/-/optional-require-1.0.3.tgz",
      "integrity": "sha512-RV2Zp2MY2aeYK5G+B/Sps8lW5NHAzE5QClbFP15j+PWmP+T9PxlJXBOOLoSAdgwFvS4t0aMR4vpedMkbHfh0nA=="
    },
    "parse-md": {
      "version": "2.0.4",
      "resolved": "https://registry.npmjs.org/parse-md/-/parse-md-2.0.4.tgz",
      "integrity": "sha512-P45VmpnIo2QGErCa+YnpndzKXcu2v5qpFX31pOyGY+Ub9KuCAm6qKXCbR3sRsoESuy6XeY81hEIVnn6xz+0YcA==",
      "requires": {
        "js-yaml": "^3.13.1"
      }
    },
    "process-nextick-args": {
      "version": "2.0.1",
      "resolved": "https://registry.npmjs.org/process-nextick-args/-/process-nextick-args-2.0.1.tgz",
      "integrity": "sha512-3ouUOpQhtgrbOa17J7+uxOTpITYWaGP7/AhoR3+A+/1e9skrzelGi/dXzEYyvbxubEF6Wn2ypscTKiKJFFn1ag=="
    },
    "qs": {
      "version": "6.7.0",
      "resolved": "https://registry.npmjs.org/qs/-/qs-6.7.0.tgz",
      "integrity": "sha512-VCdBRNFTX1fyE7Nb6FYoURo/SPe62QCaAyzJvUjwRaIsc+NePBEniHlvxFmmX56+HZphIGtV0XeCirBtpDrTyQ=="
    },
    "raw-body": {
      "version": "2.4.0",
      "resolved": "https://registry.npmjs.org/raw-body/-/raw-body-2.4.0.tgz",
      "integrity": "sha512-4Oz8DUIwdvoa5qMJelxipzi/iJIi40O5cGV1wNYp5hvZP8ZN0T+jiNkL0QepXs+EsQ9XJ8ipEDoiH70ySUJP3Q==",
      "requires": {
        "bytes": "3.1.0",
        "http-errors": "1.7.2",
        "iconv-lite": "0.4.24",
        "unpipe": "1.0.0"
      }
    },
    "readable-stream": {
      "version": "2.3.7",
      "resolved": "https://registry.npmjs.org/readable-stream/-/readable-stream-2.3.7.tgz",
      "integrity": "sha512-Ebho8K4jIbHAxnuxi7o42OrZgF/ZTNcsZj6nRKyUmkhLFq8CHItp/fy6hQZuZmP/n3yZ9VBUbp4zz/mX8hmYPw==",
      "requires": {
        "core-util-is": "~1.0.0",
        "inherits": "~2.0.3",
        "isarray": "~1.0.0",
        "process-nextick-args": "~2.0.0",
        "safe-buffer": "~5.1.1",
        "string_decoder": "~1.1.1",
        "util-deprecate": "~1.0.1"
      },
      "dependencies": {
        "safe-buffer": {
          "version": "5.1.2",
          "resolved": "https://registry.npmjs.org/safe-buffer/-/safe-buffer-5.1.2.tgz",
          "integrity": "sha512-Gd2UZBJDkXlY7GbJxfsE8/nvKkUEU1G38c1siN6QP6a9PT9MmHB8GnpscSmMJSoF8LOIrt8ud/wPtojys4G6+g=="
        }
      }
    },
    "regexp-clone": {
      "version": "1.0.0",
      "resolved": "https://registry.npmjs.org/regexp-clone/-/regexp-clone-1.0.0.tgz",
      "integrity": "sha512-TuAasHQNamyyJ2hb97IuBEif4qBHGjPHBS64sZwytpLEqtBQ1gPJTnOaQ6qmpET16cK14kkjbazl6+p0RRv0yw=="
    },
    "remove-markdown": {
      "version": "0.3.0",
      "resolved": "https://registry.npmjs.org/remove-markdown/-/remove-markdown-0.3.0.tgz",
      "integrity": "sha1-XktmdJOpNXlyjz1S7MHbnKUF3Jg="
    },
    "safe-buffer": {
      "version": "5.2.1",
      "resolved": "https://registry.npmjs.org/safe-buffer/-/safe-buffer-5.2.1.tgz",
      "integrity": "sha512-rp3So07KcdmmKbGvgaNxQSJr7bGVSVk5S9Eq1F+ppbRo70+YeaDxkw5Dd8NPN+GD6bjnYm2VuPuCXmpuYvmCXQ=="
    },
    "safer-buffer": {
      "version": "2.1.2",
      "resolved": "https://registry.npmjs.org/safer-buffer/-/safer-buffer-2.1.2.tgz",
      "integrity": "sha512-YZo3K82SD7Riyi0E1EQPojLz7kpepnSQI9IyPbHHg1XXXevb5dJI7tpyN2ADxGcQbHG7vcyRHk0cbwqcQriUtg=="
    },
    "saslprep": {
      "version": "1.0.3",
      "resolved": "https://registry.npmjs.org/saslprep/-/saslprep-1.0.3.tgz",
      "integrity": "sha512-/MY/PEMbk2SuY5sScONwhUDsV2p77Znkb/q3nSVstq/yQzYJOH/Azh29p9oJLsl3LnQwSvZDKagDGBsBwSooag==",
      "optional": true,
      "requires": {
        "sparse-bitfield": "^3.0.3"
      }
    },
    "setprototypeof": {
      "version": "1.1.1",
      "resolved": "https://registry.npmjs.org/setprototypeof/-/setprototypeof-1.1.1.tgz",
      "integrity": "sha512-JvdAWfbXeIGaZ9cILp38HntZSFSo3mWg6xGcJJsd+d4aRMOqauag1C63dJfDw7OaMYwEbHMOxEZ1lqVRYP2OAw=="
    },
    "sift": {
      "version": "13.5.2",
      "resolved": "https://registry.npmjs.org/sift/-/sift-13.5.2.tgz",
      "integrity": "sha512-+gxdEOMA2J+AI+fVsCqeNn7Tgx3M9ZN9jdi95939l1IJ8cZsqS8sqpJyOkic2SJk+1+98Uwryt/gL6XDaV+UZA=="
    },
    "sliced": {
      "version": "1.0.1",
      "resolved": "https://registry.npmjs.org/sliced/-/sliced-1.0.1.tgz",
      "integrity": "sha1-CzpmK10Ewxd7GSa+qCsD+Dei70E="
    },
    "sparse-bitfield": {
      "version": "3.0.3",
      "resolved": "https://registry.npmjs.org/sparse-bitfield/-/sparse-bitfield-3.0.3.tgz",
      "integrity": "sha1-/0rm5oZWBWuks+eSqzM004JzyhE=",
      "optional": true,
      "requires": {
        "memory-pager": "^1.0.2"
      }
    },
    "sprintf-js": {
      "version": "1.0.3",
      "resolved": "https://registry.npmjs.org/sprintf-js/-/sprintf-js-1.0.3.tgz",
      "integrity": "sha1-BOaSb2YolTVPPdAVIDYzuFcpfiw="
    },
    "statuses": {
      "version": "1.5.0",
      "resolved": "https://registry.npmjs.org/statuses/-/statuses-1.5.0.tgz",
      "integrity": "sha1-Fhx9rBd2Wf2YEfQ3cfqZOBR4Yow="
    },
    "string_decoder": {
      "version": "1.1.1",
      "resolved": "https://registry.npmjs.org/string_decoder/-/string_decoder-1.1.1.tgz",
      "integrity": "sha512-n/ShnvDi6FHbbVfviro+WojiFzv+s8MPMHBczVePfUpDJLwoLT0ht1l4YwBCbi8pJAveEEdnkHyPyTP/mzRfwg==",
      "requires": {
        "safe-buffer": "~5.1.0"
      },
      "dependencies": {
        "safe-buffer": {
          "version": "5.1.2",
          "resolved": "https://registry.npmjs.org/safe-buffer/-/safe-buffer-5.1.2.tgz",
          "integrity": "sha512-Gd2UZBJDkXlY7GbJxfsE8/nvKkUEU1G38c1siN6QP6a9PT9MmHB8GnpscSmMJSoF8LOIrt8ud/wPtojys4G6+g=="
        }
      }
    },
    "toidentifier": {
      "version": "1.0.0",
      "resolved": "https://registry.npmjs.org/toidentifier/-/toidentifier-1.0.0.tgz",
      "integrity": "sha512-yaOH/Pk/VEhBWWTlhI+qXxDFXlejDGcQipMlyxda9nthulaxLZUNcUqFxokp0vcYnvteJln5FNQDRrxj3YcbVw=="
    },
    "type-is": {
      "version": "1.6.18",
      "resolved": "https://registry.npmjs.org/type-is/-/type-is-1.6.18.tgz",
      "integrity": "sha512-TkRKr9sUTxEH8MdfuCSP7VizJyzRNMjj2J2do2Jr3Kym598JVdEksuzPQCnlFPW4ky9Q+iA+ma9BGm06XQBy8g==",
      "requires": {
        "media-typer": "0.3.0",
        "mime-types": "~2.1.24"
      }
    },
    "universal-user-agent": {
      "version": "6.0.0",
      "resolved": "https://registry.npmjs.org/universal-user-agent/-/universal-user-agent-6.0.0.tgz",
      "integrity": "sha512-isyNax3wXoKaulPDZWHQqbmIx1k2tb9fb3GGDBRxCscfYV2Ch7WxPArBsFEG8s/safwXTT7H4QGhaIkTp9447w=="
    },
    "unpipe": {
      "version": "1.0.0",
      "resolved": "https://registry.npmjs.org/unpipe/-/unpipe-1.0.0.tgz",
      "integrity": "sha1-sr9O6FFKrmFltIF4KdIbLvSZBOw="
    },
    "util-deprecate": {
      "version": "1.0.2",
      "resolved": "https://registry.npmjs.org/util-deprecate/-/util-deprecate-1.0.2.tgz",
      "integrity": "sha1-RQ1Nyfpw3nMnYvvS1KKJgUGaDM8="
    },
    "wrappy": {
      "version": "1.0.2",
      "resolved": "https://registry.npmjs.org/wrappy/-/wrappy-1.0.2.tgz",
      "integrity": "sha1-tSQ9jz7BqjXxNkYFvA0QNuMKtp8="
    }
  }
}
